
Microsoft Visual Studio Solution File, Format Version 12.00
# Visual Studio Version 16
VisualStudioVersion = 16.0.30804.86
MinimumVisualStudioVersion = 10.0.40219.1
Project("{FAE04EC0-301F-11D3-BF4B-00C04F79EFBC}") = "Oasis", "Oasis\Oasis.csproj", "{D73220D3-8796-4775-91AE-4C38FD902946}"
EndProject
Global
	GlobalSection(SolutionConfigurationPlatforms) = preSolution
		Debug|Any CPU = Debug|Any CPU
		Release|Any CPU = Release|Any CPU
	EndGlobalSection
	GlobalSection(ProjectConfigurationPlatforms) = postSolution
		{D73220D3-8796-4775-91AE-4C38FD902946}.Debug|Any CPU.ActiveCfg = Debug|Any CPU
		{D73220D3-8796-4775-91AE-4C38FD902946}.Debug|Any CPU.Build.0 = Debug|Any CPU
		{D73220D3-8796-4775-91AE-4C38FD902946}.Release|Any CPU.ActiveCfg = Release|Any CPU
		{D73220D3-8796-4775-91AE-4C38FD902946}.Release|Any CPU.Build.0 = Release|Any CPU
	EndGlobalSection
	GlobalSection(SolutionProperties) = preSolution
		HideSolutionNode = FALSE
	EndGlobalSection
	GlobalSection(ExtensibilityGlobals) = postSolution
		SolutionGuid = {2676467C-E73C-41B6-8B1A-AACF00D95903}
	EndGlobalSection
EndGlobal
